
Microsoft Visual Studio Solution File, Format Version 12.00
# Visual Studio Version 17
VisualStudioVersion = 17.0.31903.59
MinimumVisualStudioVersion = 10.0.40219.1
Project("{FAE04EC0-301F-11D3-BF4B-00C04F79EFBC}") = "Aplicacion", "Aplicacion\Aplicacion.csproj", "{26FD1963-25AD-4A3E-BFA4-B9B95CB549D1}"
EndProject
Project("{FAE04EC0-301F-11D3-BF4B-00C04F79EFBC}") = "Dominio", "Dominio\Dominio.csproj", "{212FEB16-482B-4C03-AC41-BE23AD8E53BB}"
EndProject
Project("{FAE04EC0-301F-11D3-BF4B-00C04F79EFBC}") = "Persistencia", "Persistencia\Persistencia.csproj", "{C481174A-AC69-4CDF-B208-2243796DDB50}"
EndProject
Project("{FAE04EC0-301F-11D3-BF4B-00C04F79EFBC}") = "API", "API\API.csproj", "{900529C6-1E5F-44F8-8D57-B329E33C6167}"
EndProject
Global
	GlobalSection(SolutionConfigurationPlatforms) = preSolution
		Debug|Any CPU = Debug|Any CPU
		Release|Any CPU = Release|Any CPU
	EndGlobalSection
	GlobalSection(SolutionProperties) = preSolution
		HideSolutionNode = FALSE
	EndGlobalSection
	GlobalSection(ProjectConfigurationPlatforms) = postSolution
		{26FD1963-25AD-4A3E-BFA4-B9B95CB549D1}.Debug|Any CPU.ActiveCfg = Debug|Any CPU
		{26FD1963-25AD-4A3E-BFA4-B9B95CB549D1}.Debug|Any CPU.Build.0 = Debug|Any CPU
		{26FD1963-25AD-4A3E-BFA4-B9B95CB549D1}.Release|Any CPU.ActiveCfg = Release|Any CPU
		{26FD1963-25AD-4A3E-BFA4-B9B95CB549D1}.Release|Any CPU.Build.0 = Release|Any CPU
		{212FEB16-482B-4C03-AC41-BE23AD8E53BB}.Debug|Any CPU.ActiveCfg = Debug|Any CPU
		{212FEB16-482B-4C03-AC41-BE23AD8E53BB}.Debug|Any CPU.Build.0 = Debug|Any CPU
		{212FEB16-482B-4C03-AC41-BE23AD8E53BB}.Release|Any CPU.ActiveCfg = Release|Any CPU
		{212FEB16-482B-4C03-AC41-BE23AD8E53BB}.Release|Any CPU.Build.0 = Release|Any CPU
		{C481174A-AC69-4CDF-B208-2243796DDB50}.Debug|Any CPU.ActiveCfg = Debug|Any CPU
		{C481174A-AC69-4CDF-B208-2243796DDB50}.Debug|Any CPU.Build.0 = Debug|Any CPU
		{C481174A-AC69-4CDF-B208-2243796DDB50}.Release|Any CPU.ActiveCfg = Release|Any CPU
		{C481174A-AC69-4CDF-B208-2243796DDB50}.Release|Any CPU.Build.0 = Release|Any CPU
		{900529C6-1E5F-44F8-8D57-B329E33C6167}.Debug|Any CPU.ActiveCfg = Debug|Any CPU
		{900529C6-1E5F-44F8-8D57-B329E33C6167}.Debug|Any CPU.Build.0 = Debug|Any CPU
		{900529C6-1E5F-44F8-8D57-B329E33C6167}.Release|Any CPU.ActiveCfg = Release|Any CPU
		{900529C6-1E5F-44F8-8D57-B329E33C6167}.Release|Any CPU.Build.0 = Release|Any CPU
	EndGlobalSection
EndGlobal
